
Microsoft Visual Studio Solution File, Format Version 12.00
# Visual Studio Version 17
VisualStudioVersion = 17.5.002.0
MinimumVisualStudioVersion = 10.0.40219.1
Project("{9A19103F-16F7-4668-BE54-9A1E7A4F7556}") = "backend", "backend\backend.csproj", "{CDF89749-803E-4CDD-970B-8AAB520EAD51}"
EndProject
Global
	GlobalSection(SolutionConfigurationPlatforms) = preSolution
		Debug|Any CPU = Debug|Any CPU
		Release|Any CPU = Release|Any CPU
	EndGlobalSection
	GlobalSection(ProjectConfigurationPlatforms) = postSolution
		{CDF89749-803E-4CDD-970B-8AAB520EAD51}.Debug|Any CPU.ActiveCfg = Debug|Any CPU
		{CDF89749-803E-4CDD-970B-8AAB520EAD51}.Debug|Any CPU.Build.0 = Debug|Any CPU
		{CDF89749-803E-4CDD-970B-8AAB520EAD51}.Release|Any CPU.ActiveCfg = Release|Any CPU
		{CDF89749-803E-4CDD-970B-8AAB520EAD51}.Release|Any CPU.Build.0 = Release|Any CPU
	EndGlobalSection
	GlobalSection(SolutionProperties) = preSolution
		HideSolutionNode = FALSE
	EndGlobalSection
	GlobalSection(ExtensibilityGlobals) = postSolution
		SolutionGuid = {3C9DC678-787C-4EC4-AA7F-D033A222C035}
	EndGlobalSection
EndGlobal
