
Microsoft Visual Studio Solution File, Format Version 12.00
# Visual Studio Version 17
VisualStudioVersion = 17.5.002.0
MinimumVisualStudioVersion = 10.0.40219.1
Project("{9A19103F-16F7-4668-BE54-9A1E7A4F7556}") = "backend", "backend\backend.csproj", "{E79F147D-C7BD-42C5-8FDB-A5A02EC59962}"
EndProject
Global
	GlobalSection(SolutionConfigurationPlatforms) = preSolution
		Debug|Any CPU = Debug|Any CPU
		Release|Any CPU = Release|Any CPU
	EndGlobalSection
	GlobalSection(ProjectConfigurationPlatforms) = postSolution
		{E79F147D-C7BD-42C5-8FDB-A5A02EC59962}.Debug|Any CPU.ActiveCfg = Debug|Any CPU
		{E79F147D-C7BD-42C5-8FDB-A5A02EC59962}.Debug|Any CPU.Build.0 = Debug|Any CPU
		{E79F147D-C7BD-42C5-8FDB-A5A02EC59962}.Release|Any CPU.ActiveCfg = Release|Any CPU
		{E79F147D-C7BD-42C5-8FDB-A5A02EC59962}.Release|Any CPU.Build.0 = Release|Any CPU
	EndGlobalSection
	GlobalSection(SolutionProperties) = preSolution
		HideSolutionNode = FALSE
	EndGlobalSection
	GlobalSection(ExtensibilityGlobals) = postSolution
		SolutionGuid = {31832084-55F1-451A-B0B0-B3E6AEE00DAC}
	EndGlobalSection
EndGlobal
